{
  "version": 4,
  "terraform_version": "1.12.2",
  "serial": 4,
  "lineage": "50503a77-244f-0e87-dad7-49a0be598cdb",
  "outputs": {
    "static_instance_ip": {
      "value": "34.88.64.43",
      "type": "string"
    }
  },
  "resources": [
    {
      "mode": "managed",
      "type": "google_compute_address",
      "name": "static_ip",
      "provider": "provider[\"registry.terraform.io/hashicorp/google\"]",
      "instances": [
        {
          "schema_version": 0,
          "attributes": {
            "address": "34.88.64.43",
            "address_type": "EXTERNAL",
            "creation_timestamp": "2025-07-03T13:35:34.212-07:00",
            "description": "",
            "effective_labels": {},
            "id": "projects/turnkey-realm-450613-c7/regions/europe-north1/addresses/blog-flask-static-ip",
            "ip_version": "",
            "ipv6_endpoint_type": "",
            "label_fingerprint": "42WmSpB8rSM=",
            "labels": null,
            "name": "blog-flask-static-ip",
            "network": "",
            "network_tier": "PREMIUM",
            "prefix_length": 0,
            "project": "turnkey-realm-450613-c7",
            "purpose": "",
            "region": "europe-north1",
            "self_link": "https://www.googleapis.com/compute/v1/projects/turnkey-realm-450613-c7/regions/europe-north1/addresses/blog-flask-static-ip",
            "subnetwork": "",
            "terraform_labels": {},
            "timeouts": null,
            "users": []
          },
          "sensitive_attributes": [],
          "identity_schema_version": 0,
          "private": "eyJlMmJmYjczMC1lY2FhLTExZTYtOGY4OC0zNDM2M2JjN2M0YzAiOnsiY3JlYXRlIjoxMjAwMDAwMDAwMDAwLCJkZWxldGUiOjEyMDAwMDAwMDAwMDAsInVwZGF0ZSI6MTIwMDAwMDAwMDAwMH19"
        }
      ]
    },
    {
      "mode": "managed",
      "type": "null_resource",
      "name": "update_dns_via_python",
      "provider": "provider[\"registry.terraform.io/hashicorp/null\"]",
      "instances": [
        {
          "schema_version": 0,
          "attributes": {
            "id": "7733440227679134678",
            "triggers": null
          },
          "sensitive_attributes": [],
          "identity_schema_version": 0,
          "dependencies": [
            "google_compute_address.static_ip"
          ]
        }
      ]
    }
  ],
  "check_results": null
}
